
Microsoft Visual Studio Solution File, Format Version 12.00
# Visual Studio Version 16
VisualStudioVersion = 16.0.31911.196
MinimumVisualStudioVersion = 10.0.40219.1
Project("{FAE04EC0-301F-11D3-BF4B-00C04F79EFBC}") = "ConsoleApp25", "ConsoleApp25\ConsoleApp25.csproj", "{BFACAD3C-9759-4EB5-859D-2417A2DCF004}"
EndProject
Global
	GlobalSection(SolutionConfigurationPlatforms) = preSolution
		Debug|Any CPU = Debug|Any CPU
		Release|Any CPU = Release|Any CPU
	EndGlobalSection
	GlobalSection(ProjectConfigurationPlatforms) = postSolution
		{BFACAD3C-9759-4EB5-859D-2417A2DCF004}.Debug|Any CPU.ActiveCfg = Debug|Any CPU
		{BFACAD3C-9759-4EB5-859D-2417A2DCF004}.Debug|Any CPU.Build.0 = Debug|Any CPU
		{BFACAD3C-9759-4EB5-859D-2417A2DCF004}.Release|Any CPU.ActiveCfg = Release|Any CPU
		{BFACAD3C-9759-4EB5-859D-2417A2DCF004}.Release|Any CPU.Build.0 = Release|Any CPU
	EndGlobalSection
	GlobalSection(SolutionProperties) = preSolution
		HideSolutionNode = FALSE
	EndGlobalSection
	GlobalSection(ExtensibilityGlobals) = postSolution
		SolutionGuid = {BB81F284-A1FA-434B-9A75-21FBCF7CCC6A}
	EndGlobalSection
EndGlobal
